{
  "originHash" : "bd7867ed3c3574093dce1aecb7e3a3271707298c8a5371c3a7c913e0709ff726",
  "pins" : [
    {
      "identity" : "bigdecimal",
      "kind" : "remoteSourceControl",
      "location" : "https://github.com/collingray/BigDecimal",
      "state" : {
        "branch" : "main",
        "revision" : "ab430d681d1e4b4dd9a3da1cedb1443510be3be9"
      }
    },
    {
      "identity" : "bigint",
      "kind" : "remoteSourceControl",
      "location" : "https://github.com/mgriebling/BigInt.git",
      "state" : {
        "revision" : "498d4d290658d7c43a24b9e309c321592dc294f2",
        "version" : "2.0.10"
      }
    },
    {
      "identity" : "keyboardshortcuts",
      "kind" : "remoteSourceControl",
      "location" : "https://github.com/sindresorhus/KeyboardShortcuts",
      "state" : {
        "revision" : "2e5f15581fefb821d4b366e57d817be8bf12aa58",
        "version" : "2.0.1"
      }
    },
    {
      "identity" : "latexswiftui",
      "kind" : "remoteSourceControl",
      "location" : "https://github.com/colinc86/LaTeXSwiftUI",
      "state" : {
        "branch" : "main",
        "revision" : "766be13e75a901cd0097122be189bac88b5b1963"
      }
    },
    {
      "identity" : "mathjaxswift",
      "kind" : "remoteSourceControl",
      "location" : "https://github.com/colinc86/MathJaxSwift",
      "state" : {
        "revision" : "e23d6eab941da699ac4a60fb0e60f3ba5c937459",
        "version" : "3.4.0"
      }
    },
    {
      "identity" : "svgview",
      "kind" : "remoteSourceControl",
      "location" : "https://github.com/exyte/SVGView",
      "state" : {
        "revision" : "6465962facdd25cb96eaebc35603afa2f15d2c0d",
        "version" : "1.0.6"
      }
    },
    {
      "identity" : "swift-html-entities",
      "kind" : "remoteSourceControl",
      "location" : "https://github.com/Kitura/swift-html-entities",
      "state" : {
        "revision" : "d8ca73197f59ce260c71bd6d7f6eb8bbdccf508b",
        "version" : "4.0.1"
      }
    },
    {
      "identity" : "swift-numerics",
      "kind" : "remoteSourceControl",
      "location" : "https://github.com/apple/swift-numerics.git",
      "state" : {
        "revision" : "0a5bc04095a675662cf24757cc0640aa2204253b",
        "version" : "1.0.2"
      }
    },
    {
      "identity" : "uint128",
      "kind" : "remoteSourceControl",
      "location" : "https://github.com/mgriebling/UInt128.git",
      "state" : {
        "revision" : "59dac4f14d657fd60bacfdfb7398d38b450af74f",
        "version" : "3.1.5"
      }
    }
  ],
  "version" : 3
}
